{
  "dependencies": [
    {
      "commit": "e5e7f817a37d815c61962e6be88259f105d4f54d",
      "hash": "a947d0ced617e126cbb9918946ca3521942bbef412c363bc34008c6f1553bff8",
      "id": "rix/csv",
      "repo": "https://github.com/rixcpp/csv",
      "requested": "0.3.1",
      "tag": "v0.3.1",
      "version": "0.3.1"
    },
    {
      "commit": "7ce988db8e20a1d0bcedda81dcb88e4daf01c8a7",
      "hash": "e94af71486f4efdde7abec8aa03c1af553c2c3b1286e6128e8e7be69a3b11abe",
      "id": "rix/debug",
      "repo": "https://github.com/rixcpp/debug",
      "requested": "0.2.0",
      "tag": "v0.2.0",
      "version": "0.2.0"
    },
    {
      "commit": "74139d68eccd2021d656b478ed94beead77ae6c6",
      "hash": "cf6b1042b73e90a2326036670a7145cdfb471e4620f63d1824e10d6c70937e5d",
      "id": "rix/rix",
      "repo": "https://github.com/rixcpp/rix",
      "requested": "*",
      "tag": "v0.6.1",
      "version": "0.6.1"
    }
  ],
  "lockVersion": 1
}
